
Microsoft Visual Studio Solution File, Format Version 12.00
# Visual Studio Version 16
VisualStudioVersion = 16.0.31829.152
MinimumVisualStudioVersion = 10.0.40219.1
Project("{FAE04EC0-301F-11D3-BF4B-00C04F79EFBC}") = "test1", "test1\test1.csproj", "{07EDC0F8-BD3C-4A60-89F6-17061DE243D0}"
EndProject
Global
	GlobalSection(SolutionConfigurationPlatforms) = preSolution
		Debug|Any CPU = Debug|Any CPU
		Release|Any CPU = Release|Any CPU
	EndGlobalSection
	GlobalSection(ProjectConfigurationPlatforms) = postSolution
		{07EDC0F8-BD3C-4A60-89F6-17061DE243D0}.Debug|Any CPU.ActiveCfg = Debug|Any CPU
		{07EDC0F8-BD3C-4A60-89F6-17061DE243D0}.Debug|Any CPU.Build.0 = Debug|Any CPU
		{07EDC0F8-BD3C-4A60-89F6-17061DE243D0}.Release|Any CPU.ActiveCfg = Release|Any CPU
		{07EDC0F8-BD3C-4A60-89F6-17061DE243D0}.Release|Any CPU.Build.0 = Release|Any CPU
	EndGlobalSection
	GlobalSection(SolutionProperties) = preSolution
		HideSolutionNode = FALSE
	EndGlobalSection
	GlobalSection(ExtensibilityGlobals) = postSolution
		SolutionGuid = {0749D92A-EB9A-4CE5-8F6D-882C5117083F}
	EndGlobalSection
EndGlobal
