
Microsoft Visual Studio Solution File, Format Version 12.00
# Visual Studio Version 16
VisualStudioVersion = 16.0.31829.152
MinimumVisualStudioVersion = 10.0.40219.1
Project("{FAE04EC0-301F-11D3-BF4B-00C04F79EFBC}") = "test1", "test1\test1.csproj", "{6385600A-F065-458F-AAF1-F7C8049D8BA3}"
EndProject
Global
	GlobalSection(SolutionConfigurationPlatforms) = preSolution
		Debug|Any CPU = Debug|Any CPU
		Release|Any CPU = Release|Any CPU
	EndGlobalSection
	GlobalSection(ProjectConfigurationPlatforms) = postSolution
		{6385600A-F065-458F-AAF1-F7C8049D8BA3}.Debug|Any CPU.ActiveCfg = Debug|Any CPU
		{6385600A-F065-458F-AAF1-F7C8049D8BA3}.Debug|Any CPU.Build.0 = Debug|Any CPU
		{6385600A-F065-458F-AAF1-F7C8049D8BA3}.Release|Any CPU.ActiveCfg = Release|Any CPU
		{6385600A-F065-458F-AAF1-F7C8049D8BA3}.Release|Any CPU.Build.0 = Release|Any CPU
	EndGlobalSection
	GlobalSection(SolutionProperties) = preSolution
		HideSolutionNode = FALSE
	EndGlobalSection
	GlobalSection(ExtensibilityGlobals) = postSolution
		SolutionGuid = {747EC26E-EFE3-4FD1-A650-34D6180E05AA}
	EndGlobalSection
EndGlobal
