
Microsoft Visual Studio Solution File, Format Version 12.00
# Visual Studio Version 16
VisualStudioVersion = 16.0.31829.152
MinimumVisualStudioVersion = 10.0.40219.1
Project("{FAE04EC0-301F-11D3-BF4B-00C04F79EFBC}") = "Day20", "Day20\Day20.csproj", "{40A50471-36E5-43E0-BD69-2BEF7BD0D0A6}"
EndProject
Global
	GlobalSection(SolutionConfigurationPlatforms) = preSolution
		Debug|Any CPU = Debug|Any CPU
		Release|Any CPU = Release|Any CPU
	EndGlobalSection
	GlobalSection(ProjectConfigurationPlatforms) = postSolution
		{40A50471-36E5-43E0-BD69-2BEF7BD0D0A6}.Debug|Any CPU.ActiveCfg = Debug|Any CPU
		{40A50471-36E5-43E0-BD69-2BEF7BD0D0A6}.Debug|Any CPU.Build.0 = Debug|Any CPU
		{40A50471-36E5-43E0-BD69-2BEF7BD0D0A6}.Release|Any CPU.ActiveCfg = Release|Any CPU
		{40A50471-36E5-43E0-BD69-2BEF7BD0D0A6}.Release|Any CPU.Build.0 = Release|Any CPU
	EndGlobalSection
	GlobalSection(SolutionProperties) = preSolution
		HideSolutionNode = FALSE
	EndGlobalSection
	GlobalSection(ExtensibilityGlobals) = postSolution
		SolutionGuid = {4F1B9BB7-0E08-4DF4-877D-B3F008349ADE}
	EndGlobalSection
EndGlobal
